// !$*UTF8*$!
{
	archiveVersion = 1;
	classes = {
	};
	objectVersion = 50;
	objects = {

/* Begin PBXBuildFile section */
		416D17BE23D85E86000D91C8 /* PostCollectionViewCell.swift in Sources */ = {isa = PBXBuildFile; fileRef = 416D17BD23D85E86000D91C8 /* PostCollectionViewCell.swift */; };
		416D17C023D87BF4000D91C8 /* User.swift in Sources */ = {isa = PBXBuildFile; fileRef = 416D17BF23D87BF4000D91C8 /* User.swift */; };
		417FA2C323D87E6500E3C6EA /* PostDetailViewController.swift in Sources */ = {isa = PBXBuildFile; fileRef = 417FA2C223D87E6500E3C6EA /* PostDetailViewController.swift */; };
		41F069BC23D8444D00BCD4F7 /* AppDelegate.swift in Sources */ = {isa = PBXBuildFile; fileRef = 41F069BB23D8444D00BCD4F7 /* AppDelegate.swift */; };
		41F069BE23D8444D00BCD4F7 /* SceneDelegate.swift in Sources */ = {isa = PBXBuildFile; fileRef = 41F069BD23D8444D00BCD4F7 /* SceneDelegate.swift */; };
		41F069C023D8444D00BCD4F7 /* ViewController.swift in Sources */ = {isa = PBXBuildFile; fileRef = 41F069BF23D8444D00BCD4F7 /* ViewController.swift */; };
		41F069C323D8444D00BCD4F7 /* Main.storyboard in Resources */ = {isa = PBXBuildFile; fileRef = 41F069C123D8444D00BCD4F7 /* Main.storyboard */; };
		41F069C523D8445000BCD4F7 /* Assets.xcassets in Resources */ = {isa = PBXBuildFile; fileRef = 41F069C423D8445000BCD4F7 /* Assets.xcassets */; };
		41F069C823D8445000BCD4F7 /* LaunchScreen.storyboard in Resources */ = {isa = PBXBuildFile; fileRef = 41F069C623D8445000BCD4F7 /* LaunchScreen.storyboard */; };
		41F069D223D8530800BCD4F7 /* DAO.swift in Sources */ = {isa = PBXBuildFile; fileRef = 41F069D123D8530800BCD4F7 /* DAO.swift */; };
		41F069D423D853C000BCD4F7 /* Post.swift in Sources */ = {isa = PBXBuildFile; fileRef = 41F069D323D853C000BCD4F7 /* Post.swift */; };
/* End PBXBuildFile section */

/* Begin PBXFileReference section */
		416D17BD23D85E86000D91C8 /* PostCollectionViewCell.swift */ = {isa = PBXFileReference; lastKnownFileType = sourcecode.swift; name = PostCollectionViewCell.swift; path = View/PostCollectionViewCell.swift; sourceTree = "<group>"; };
		416D17BF23D87BF4000D91C8 /* User.swift */ = {isa = PBXFileReference; lastKnownFileType = sourcecode.swift; path = User.swift; sourceTree = "<group>"; };
		417FA2C223D87E6500E3C6EA /* PostDetailViewController.swift */ = {isa = PBXFileReference; lastKnownFileType = sourcecode.swift; path = PostDetailViewController.swift; sourceTree = "<group>"; };
		41F069B823D8444D00BCD4F7 /* DemoREST.app */ = {isa = PBXFileReference; explicitFileType = wrapper.application; includeInIndex = 0; path = DemoREST.app; sourceTree = BUILT_PRODUCTS_DIR; };
		41F069BB23D8444D00BCD4F7 /* AppDelegate.swift */ = {isa = PBXFileReference; lastKnownFileType = sourcecode.swift; path = AppDelegate.swift; sourceTree = "<group>"; };
		41F069BD23D8444D00BCD4F7 /* SceneDelegate.swift */ = {isa = PBXFileReference; lastKnownFileType = sourcecode.swift; path = SceneDelegate.swift; sourceTree = "<group>"; };
		41F069BF23D8444D00BCD4F7 /* ViewController.swift */ = {isa = PBXFileReference; lastKnownFileType = sourcecode.swift; path = ViewController.swift; sourceTree = "<group>"; };
		41F069C223D8444D00BCD4F7 /* Base */ = {isa = PBXFileReference; lastKnownFileType = file.storyboard; name = Base; path = Base.lproj/Main.storyboard; sourceTree = "<group>"; };
		41F069C423D8445000BCD4F7 /* Assets.xcassets */ = {isa = PBXFileReference; lastKnownFileType = folder.assetcatalog; path = Assets.xcassets; sourceTree = "<group>"; };
		41F069C723D8445000BCD4F7 /* Base */ = {isa = PBXFileReference; lastKnownFileType = file.storyboard; name = Base; path = Base.lproj/LaunchScreen.storyboard; sourceTree = "<group>"; };
		41F069C923D8445000BCD4F7 /* Info.plist */ = {isa = PBXFileReference; lastKnownFileType = text.plist.xml; path = Info.plist; sourceTree = "<group>"; };
		41F069D123D8530800BCD4F7 /* DAO.swift */ = {isa = PBXFileReference; lastKnownFileType = sourcecode.swift; path = DAO.swift; sourceTree = "<group>"; };
		41F069D323D853C000BCD4F7 /* Post.swift */ = {isa = PBXFileReference; lastKnownFileType = sourcecode.swift; path = Post.swift; sourceTree = "<group>"; };
/* End PBXFileReference section */

/* Begin PBXFrameworksBuildPhase section */
		41F069B523D8444D00BCD4F7 /* Frameworks */ = {
			isa = PBXFrameworksBuildPhase;
			buildActionMask = 2147483647;
			files = (
			);
			runOnlyForDeploymentPostprocessing = 0;
		};
/* End PBXFrameworksBuildPhase section */

/* Begin PBXGroup section */
		41F069AF23D8444D00BCD4F7 = {
			isa = PBXGroup;
			children = (
				41F069BA23D8444D00BCD4F7 /* DemoREST */,
				41F069B923D8444D00BCD4F7 /* Products */,
			);
			sourceTree = "<group>";
		};
		41F069B923D8444D00BCD4F7 /* Products */ = {
			isa = PBXGroup;
			children = (
				41F069B823D8444D00BCD4F7 /* DemoREST.app */,
			);
			name = Products;
			sourceTree = "<group>";
		};
		41F069BA23D8444D00BCD4F7 /* DemoREST */ = {
			isa = PBXGroup;
			children = (
				41F069D023D852E700BCD4F7 /* Controller */,
				41F069CF23D852D100BCD4F7 /* Model */,
				41F069BB23D8444D00BCD4F7 /* AppDelegate.swift */,
				41F069BD23D8444D00BCD4F7 /* SceneDelegate.swift */,
				41F069C123D8444D00BCD4F7 /* Main.storyboard */,
				416D17BD23D85E86000D91C8 /* PostCollectionViewCell.swift */,
				41F069C423D8445000BCD4F7 /* Assets.xcassets */,
				41F069C623D8445000BCD4F7 /* LaunchScreen.storyboard */,
				41F069C923D8445000BCD4F7 /* Info.plist */,
			);
			path = DemoREST;
			sourceTree = "<group>";
		};
		41F069CF23D852D100BCD4F7 /* Model */ = {
			isa = PBXGroup;
			children = (
				41F069D123D8530800BCD4F7 /* DAO.swift */,
				41F069D323D853C000BCD4F7 /* Post.swift */,
				416D17BF23D87BF4000D91C8 /* User.swift */,
			);
			path = Model;
			sourceTree = "<group>";
		};
		41F069D023D852E700BCD4F7 /* Controller */ = {
			isa = PBXGroup;
			children = (
				41F069BF23D8444D00BCD4F7 /* ViewController.swift */,
				417FA2C223D87E6500E3C6EA /* PostDetailViewController.swift */,
			);
			path = Controller;
			sourceTree = "<group>";
		};
/* End PBXGroup section */

/* Begin PBXNativeTarget section */
		41F069B723D8444D00BCD4F7 /* DemoREST */ = {
			isa = PBXNativeTarget;
			buildConfigurationList = 41F069CC23D8445000BCD4F7 /* Build configuration list for PBXNativeTarget "DemoREST" */;
			buildPhases = (
				41F069B423D8444D00BCD4F7 /* Sources */,
				41F069B523D8444D00BCD4F7 /* Frameworks */,
				41F069B623D8444D00BCD4F7 /* Resources */,
			);
			buildRules = (
			);
			dependencies = (
			);
			name = DemoREST;
			productName = DemoREST;
			productReference = 41F069B823D8444D00BCD4F7 /* DemoREST.app */;
			productType = "com.apple.product-type.application";
		};
/* End PBXNativeTarget section */

/* Begin PBXProject section */
		41F069B023D8444D00BCD4F7 /* Project object */ = {
			isa = PBXProject;
			attributes = {
				LastSwiftUpdateCheck = 1130;
				LastUpgradeCheck = 1130;
				ORGANIZATIONNAME = mobapp02;
				TargetAttributes = {
					41F069B723D8444D00BCD4F7 = {
						CreatedOnToolsVersion = 11.3;
					};
				};
			};
			buildConfigurationList = 41F069B323D8444D00BCD4F7 /* Build configuration list for PBXProject "DemoREST" */;
			compatibilityVersion = "Xcode 9.3";
			developmentRegion = en;
			hasScannedForEncodings = 0;
			knownRegions = (
				en,
				Base,
			);
			mainGroup = 41F069AF23D8444D00BCD4F7;
			productRefGroup = 41F069B923D8444D00BCD4F7 /* Products */;
			projectDirPath = "";
			projectRoot = "";
			targets = (
				41F069B723D8444D00BCD4F7 /* DemoREST */,
			);
		};
/* End PBXProject section */

/* Begin PBXResourcesBuildPhase section */
		41F069B623D8444D00BCD4F7 /* Resources */ = {
			isa = PBXResourcesBuildPhase;
			buildActionMask = 2147483647;
			files = (
				41F069C823D8445000BCD4F7 /* LaunchScreen.storyboard in Resources */,
				41F069C523D8445000BCD4F7 /* Assets.xcassets in Resources */,
				41F069C323D8444D00BCD4F7 /* Main.storyboard in Resources */,
			);
			runOnlyForDeploymentPostprocessing = 0;
		};
/* End PBXResourcesBuildPhase section */

/* Begin PBXSourcesBuildPhase section */
		41F069B423D8444D00BCD4F7 /* Sources */ = {
			isa = PBXSourcesBuildPhase;
			buildActionMask = 2147483647;
			files = (
				41F069D223D8530800BCD4F7 /* DAO.swift in Sources */,
				417FA2C323D87E6500E3C6EA /* PostDetailViewController.swift in Sources */,
				41F069C023D8444D00BCD4F7 /* ViewController.swift in Sources */,
				416D17BE23D85E86000D91C8 /* PostCollectionViewCell.swift in Sources */,
				41F069BC23D8444D00BCD4F7 /* AppDelegate.swift in Sources */,
				41F069BE23D8444D00BCD4F7 /* SceneDelegate.swift in Sources */,
				41F069D423D853C000BCD4F7 /* Post.swift in Sources */,
				416D17C023D87BF4000D91C8 /* User.swift in Sources */,
			);
			runOnlyForDeploymentPostprocessing = 0;
		};
/* End PBXSourcesBuildPhase section */

/* Begin PBXVariantGroup section */
		41F069C123D8444D00BCD4F7 /* Main.storyboard */ = {
			isa = PBXVariantGroup;
			children = (
				41F069C223D8444D00BCD4F7 /* Base */,
			);
			name = Main.storyboard;
			sourceTree = "<group>";
		};
		41F069C623D8445000BCD4F7 /* LaunchScreen.storyboard */ = {
			isa = PBXVariantGroup;
			children = (
				41F069C723D8445000BCD4F7 /* Base */,
			);
			name = LaunchScreen.storyboard;
			sourceTree = "<group>";
		};
/* End PBXVariantGroup section */

/* Begin XCBuildConfiguration section */
		41F069CA23D8445000BCD4F7 /* Debug */ = {
			isa = XCBuildConfiguration;
			buildSettings = {
				ALWAYS_SEARCH_USER_PATHS = NO;
				CLANG_ANALYZER_NONNULL = YES;
				CLANG_ANALYZER_NUMBER_OBJECT_CONVERSION = YES_AGGRESSIVE;
				CLANG_CXX_LANGUAGE_STANDARD = "gnu++14";
				CLANG_CXX_LIBRARY = "libc++";
				CLANG_ENABLE_MODULES = YES;
				CLANG_ENABLE_OBJC_ARC = YES;
				CLANG_ENABLE_OBJC_WEAK = YES;
				CLANG_WARN_BLOCK_CAPTURE_AUTORELEASING = YES;
				CLANG_WARN_BOOL_CONVERSION = YES;
				CLANG_WARN_COMMA = YES;
				CLANG_WARN_CONSTANT_CONVERSION = YES;
				CLANG_WARN_DEPRECATED_OBJC_IMPLEMENTATIONS = YES;
				CLANG_WARN_DIRECT_OBJC_ISA_USAGE = YES_ERROR;
				CLANG_WARN_DOCUMENTATION_COMMENTS = YES;
				CLANG_WARN_EMPTY_BODY = YES;
				CLANG_WARN_ENUM_CONVERSION = YES;
				CLANG_WARN_INFINITE_RECURSION = YES;
				CLANG_WARN_INT_CONVERSION = YES;
				CLANG_WARN_NON_LITERAL_NULL_CONVERSION = YES;
				CLANG_WARN_OBJC_IMPLICIT_RETAIN_SELF = YES;
				CLANG_WARN_OBJC_LITERAL_CONVERSION = YES;
				CLANG_WARN_OBJC_ROOT_CLASS = YES_ERROR;
				CLANG_WARN_RANGE_LOOP_ANALYSIS = YES;
				CLANG_WARN_STRICT_PROTOTYPES = YES;
				CLANG_WARN_SUSPICIOUS_MOVE = YES;
				CLANG_WARN_UNGUARDED_AVAILABILITY = YES_AGGRESSIVE;
				CLANG_WARN_UNREACHABLE_CODE = YES;
				CLANG_WARN__DUPLICATE_METHOD_MATCH = YES;
				COPY_PHASE_STRIP = NO;
				DEBUG_INFORMATION_FORMAT = dwarf;
				ENABLE_STRICT_OBJC_MSGSEND = YES;
				ENABLE_TESTABILITY = YES;
				GCC_C_LANGUAGE_STANDARD = gnu11;
				GCC_DYNAMIC_NO_PIC = NO;
				GCC_NO_COMMON_BLOCKS = YES;
				GCC_OPTIMIZATION_LEVEL = 0;
				GCC_PREPROCESSOR_DEFINITIONS = (
					"DEBUG=1",
					"$(inherited)",
				);
				GCC_WARN_64_TO_32_BIT_CONVERSION = YES;
				GCC_WARN_ABOUT_RETURN_TYPE = YES_ERROR;
				GCC_WARN_UNDECLARED_SELECTOR = YES;
				GCC_WARN_UNINITIALIZED_AUTOS = YES_AGGRESSIVE;
				GCC_WARN_UNUSED_FUNCTION = YES;
				GCC_WARN_UNUSED_VARIABLE = YES;
				IPHONEOS_DEPLOYMENT_TARGET = 13.2;
				MTL_ENABLE_DEBUG_INFO = INCLUDE_SOURCE;
				MTL_FAST_MATH = YES;
				ONLY_ACTIVE_ARCH = YES;
				SDKROOT = iphoneos;
				SWIFT_ACTIVE_COMPILATION_CONDITIONS = DEBUG;
				SWIFT_OPTIMIZATION_LEVEL = "-Onone";
			};
			name = Debug;
		};
		41F069CB23D8445000BCD4F7 /* Release */ = {
			isa = XCBuildConfiguration;
			buildSettings = {
				ALWAYS_SEARCH_USER_PATHS = NO;
				CLANG_ANALYZER_NONNULL = YES;
				CLANG_ANALYZER_NUMBER_OBJECT_CONVERSION = YES_AGGRESSIVE;
				CLANG_CXX_LANGUAGE_STANDARD = "gnu++14";
				CLANG_CXX_LIBRARY = "libc++";
				CLANG_ENABLE_MODULES = YES;
				CLANG_ENABLE_OBJC_ARC = YES;
				CLANG_ENABLE_OBJC_WEAK = YES;
				CLANG_WARN_BLOCK_CAPTURE_AUTORELEASING = YES;
				CLANG_WARN_BOOL_CONVERSION = YES;
				CLANG_WARN_COMMA = YES;
				CLANG_WARN_CONSTANT_CONVERSION = YES;
				CLANG_WARN_DEPRECATED_OBJC_IMPLEMENTATIONS = YES;
				CLANG_WARN_DIRECT_OBJC_ISA_USAGE = YES_ERROR;
				CLANG_WARN_DOCUMENTATION_COMMENTS = YES;
				CLANG_WARN_EMPTY_BODY = YES;
				CLANG_WARN_ENUM_CONVERSION = YES;
				CLANG_WARN_INFINITE_RECURSION = YES;
				CLANG_WARN_INT_CONVERSION = YES;
				CLANG_WARN_NON_LITERAL_NULL_CONVERSION = YES;
				CLANG_WARN_OBJC_IMPLICIT_RETAIN_SELF = YES;
				CLANG_WARN_OBJC_LITERAL_CONVERSION = YES;
				CLANG_WARN_OBJC_ROOT_CLASS = YES_ERROR;
				CLANG_WARN_RANGE_LOOP_ANALYSIS = YES;
				CLANG_WARN_STRICT_PROTOTYPES = YES;
				CLANG_WARN_SUSPICIOUS_MOVE = YES;
				CLANG_WARN_UNGUARDED_AVAILABILITY = YES_AGGRESSIVE;
				CLANG_WARN_UNREACHABLE_CODE = YES;
				CLANG_WARN__DUPLICATE_METHOD_MATCH = YES;
				COPY_PHASE_STRIP = NO;
				DEBUG_INFORMATION_FORMAT = "dwarf-with-dsym";
				ENABLE_NS_ASSERTIONS = NO;
				ENABLE_STRICT_OBJC_MSGSEND = YES;
				GCC_C_LANGUAGE_STANDARD = gnu11;
				GCC_NO_COMMON_BLOCKS = YES;
				GCC_WARN_64_TO_32_BIT_CONVERSION = YES;
				GCC_WARN_ABOUT_RETURN_TYPE = YES_ERROR;
				GCC_WARN_UNDECLARED_SELECTOR = YES;
				GCC_WARN_UNINITIALIZED_AUTOS = YES_AGGRESSIVE;
				GCC_WARN_UNUSED_FUNCTION = YES;
				GCC_WARN_UNUSED_VARIABLE = YES;
				IPHONEOS_DEPLOYMENT_TARGET = 13.2;
				MTL_ENABLE_DEBUG_INFO = NO;
				MTL_FAST_MATH = YES;
				SDKROOT = iphoneos;
				SWIFT_COMPILATION_MODE = wholemodule;
				SWIFT_OPTIMIZATION_LEVEL = "-O";
				VALIDATE_PRODUCT = YES;
			};
			name = Release;
		};
		41F069CD23D8445000BCD4F7 /* Debug */ = {
			isa = XCBuildConfiguration;
			buildSettings = {
				ASSETCATALOG_COMPILER_APPICON_NAME = AppIcon;
				CODE_SIGN_STYLE = Automatic;
				INFOPLIST_FILE = DemoREST/Info.plist;
				LD_RUNPATH_SEARCH_PATHS = (
					"$(inherited)",
					"@executable_path/Frameworks",
				);
				PRODUCT_BUNDLE_IDENTIFIER = com.floatingreels.DemoREST;
				PRODUCT_NAME = "$(TARGET_NAME)";
				SWIFT_VERSION = 5.0;
				TARGETED_DEVICE_FAMILY = 1;
			};
			name = Debug;
		};
		41F069CE23D8445000BCD4F7 /* Release */ = {
			isa = XCBuildConfiguration;
			buildSettings = {
				ASSETCATALOG_COMPILER_APPICON_NAME = AppIcon;
				CODE_SIGN_STYLE = Automatic;
				INFOPLIST_FILE = DemoREST/Info.plist;
				LD_RUNPATH_SEARCH_PATHS = (
					"$(inherited)",
					"@executable_path/Frameworks",
				);
				PRODUCT_BUNDLE_IDENTIFIER = com.floatingreels.DemoREST;
				PRODUCT_NAME = "$(TARGET_NAME)";
				SWIFT_VERSION = 5.0;
				TARGETED_DEVICE_FAMILY = 1;
			};
			name = Release;
		};
/* End XCBuildConfiguration section */

/* Begin XCConfigurationList section */
		41F069B323D8444D00BCD4F7 /* Build configuration list for PBXProject "DemoREST" */ = {
			isa = XCConfigurationList;
			buildConfigurations = (
				41F069CA23D8445000BCD4F7 /* Debug */,
				41F069CB23D8445000BCD4F7 /* Release */,
			);
			defaultConfigurationIsVisible = 0;
			defaultConfigurationName = Release;
		};
		41F069CC23D8445000BCD4F7 /* Build configuration list for PBXNativeTarget "DemoREST" */ = {
			isa = XCConfigurationList;
			buildConfigurations = (
				41F069CD23D8445000BCD4F7 /* Debug */,
				41F069CE23D8445000BCD4F7 /* Release */,
			);
			defaultConfigurationIsVisible = 0;
			defaultConfigurationName = Release;
		};
/* End XCConfigurationList section */
	};
	rootObject = 41F069B023D8444D00BCD4F7 /* Project object */;
}
